
Microsoft Visual Studio Solution File, Format Version 12.00
# Visual Studio Version 16
VisualStudioVersion = 16.0.31702.278
MinimumVisualStudioVersion = 10.0.40219.1
Project("{FAE04EC0-301F-11D3-BF4B-00C04F79EFBC}") = "Back-Assets", "Back-Assets\Back-Assets.csproj", "{7BC463C7-5AE2-4642-B6A8-E0B8BAA8A763}"
EndProject
Global
	GlobalSection(SolutionConfigurationPlatforms) = preSolution
		Debug|Any CPU = Debug|Any CPU
		Release|Any CPU = Release|Any CPU
	EndGlobalSection
	GlobalSection(ProjectConfigurationPlatforms) = postSolution
		{7BC463C7-5AE2-4642-B6A8-E0B8BAA8A763}.Debug|Any CPU.ActiveCfg = Debug|Any CPU
		{7BC463C7-5AE2-4642-B6A8-E0B8BAA8A763}.Debug|Any CPU.Build.0 = Debug|Any CPU
		{7BC463C7-5AE2-4642-B6A8-E0B8BAA8A763}.Release|Any CPU.ActiveCfg = Release|Any CPU
		{7BC463C7-5AE2-4642-B6A8-E0B8BAA8A763}.Release|Any CPU.Build.0 = Release|Any CPU
	EndGlobalSection
	GlobalSection(SolutionProperties) = preSolution
		HideSolutionNode = FALSE
	EndGlobalSection
	GlobalSection(ExtensibilityGlobals) = postSolution
		SolutionGuid = {D90A028D-A2D2-4CF0-AE3F-FEE99798AFCE}
	EndGlobalSection
EndGlobal
